// !$*UTF8*$!
{
	archiveVersion = 1;
	classes = {
	};
	objectVersion = 46;
	objects = {

/* Begin PBXBuildFile section */
		4755D2C62276933A00E4D0D8 /* AppDelegate.swift in Sources */ = {isa = PBXBuildFile; fileRef = 4755D2C52276933A00E4D0D8 /* AppDelegate.swift */; };
		4755D2C82276933A00E4D0D8 /* ViewController.swift in Sources */ = {isa = PBXBuildFile; fileRef = 4755D2C72276933A00E4D0D8 /* ViewController.swift */; };
		4755D2CB2276933B00E4D0D8 /* Main.storyboard in Resources */ = {isa = PBXBuildFile; fileRef = 4755D2C92276933B00E4D0D8 /* Main.storyboard */; };
		4755D2CD2276933B00E4D0D8 /* Assets.xcassets in Resources */ = {isa = PBXBuildFile; fileRef = 4755D2CC2276933B00E4D0D8 /* Assets.xcassets */; };
		4755D2D02276933B00E4D0D8 /* LaunchScreen.storyboard in Resources */ = {isa = PBXBuildFile; fileRef = 4755D2CE2276933B00E4D0D8 /* LaunchScreen.storyboard */; };
		4755D2DB2276933B00E4D0D8 /* ImageRestorationTests.swift in Sources */ = {isa = PBXBuildFile; fileRef = 4755D2DA2276933B00E4D0D8 /* ImageRestorationTests.swift */; };
		4755D2E62276933B00E4D0D8 /* ImageRestorationUITests.swift in Sources */ = {isa = PBXBuildFile; fileRef = 4755D2E52276933B00E4D0D8 /* ImageRestorationUITests.swift */; };
/* End PBXBuildFile section */

/* Begin PBXContainerItemProxy section */
		4755D2D72276933B00E4D0D8 /* PBXContainerItemProxy */ = {
			isa = PBXContainerItemProxy;
			containerPortal = 4755D2BA2276933900E4D0D8 /* Project object */;
			proxyType = 1;
			remoteGlobalIDString = 4755D2C12276933900E4D0D8;
			remoteInfo = ImageRestoration;
		};
		4755D2E22276933B00E4D0D8 /* PBXContainerItemProxy */ = {
			isa = PBXContainerItemProxy;
			containerPortal = 4755D2BA2276933900E4D0D8 /* Project object */;
			proxyType = 1;
			remoteGlobalIDString = 4755D2C12276933900E4D0D8;
			remoteInfo = ImageRestoration;
		};
/* End PBXContainerItemProxy section */

/* Begin PBXFileReference section */
		4755D2C22276933A00E4D0D8 /* ImageRestoration.app */ = {isa = PBXFileReference; explicitFileType = wrapper.application; includeInIndex = 0; path = ImageRestoration.app; sourceTree = BUILT_PRODUCTS_DIR; };
		4755D2C52276933A00E4D0D8 /* AppDelegate.swift */ = {isa = PBXFileReference; lastKnownFileType = sourcecode.swift; path = AppDelegate.swift; sourceTree = "<group>"; };
		4755D2C72276933A00E4D0D8 /* ViewController.swift */ = {isa = PBXFileReference; lastKnownFileType = sourcecode.swift; path = ViewController.swift; sourceTree = "<group>"; };
		4755D2CA2276933B00E4D0D8 /* Base */ = {isa = PBXFileReference; lastKnownFileType = file.storyboard; name = Base; path = Base.lproj/Main.storyboard; sourceTree = "<group>"; };
		4755D2CC2276933B00E4D0D8 /* Assets.xcassets */ = {isa = PBXFileReference; lastKnownFileType = folder.assetcatalog; path = Assets.xcassets; sourceTree = "<group>"; };
		4755D2CF2276933B00E4D0D8 /* Base */ = {isa = PBXFileReference; lastKnownFileType = file.storyboard; name = Base; path = Base.lproj/LaunchScreen.storyboard; sourceTree = "<group>"; };
		4755D2D12276933B00E4D0D8 /* Info.plist */ = {isa = PBXFileReference; lastKnownFileType = text.plist.xml; path = Info.plist; sourceTree = "<group>"; };
		4755D2D62276933B00E4D0D8 /* ImageRestorationTests.xctest */ = {isa = PBXFileReference; explicitFileType = wrapper.cfbundle; includeInIndex = 0; path = ImageRestorationTests.xctest; sourceTree = BUILT_PRODUCTS_DIR; };
		4755D2DA2276933B00E4D0D8 /* ImageRestorationTests.swift */ = {isa = PBXFileReference; lastKnownFileType = sourcecode.swift; path = ImageRestorationTests.swift; sourceTree = "<group>"; };
		4755D2DC2276933B00E4D0D8 /* Info.plist */ = {isa = PBXFileReference; lastKnownFileType = text.plist.xml; path = Info.plist; sourceTree = "<group>"; };
		4755D2E12276933B00E4D0D8 /* ImageRestorationUITests.xctest */ = {isa = PBXFileReference; explicitFileType = wrapper.cfbundle; includeInIndex = 0; path = ImageRestorationUITests.xctest; sourceTree = BUILT_PRODUCTS_DIR; };
		4755D2E52276933B00E4D0D8 /* ImageRestorationUITests.swift */ = {isa = PBXFileReference; lastKnownFileType = sourcecode.swift; path = ImageRestorationUITests.swift; sourceTree = "<group>"; };
		4755D2E72276933B00E4D0D8 /* Info.plist */ = {isa = PBXFileReference; lastKnownFileType = text.plist.xml; path = Info.plist; sourceTree = "<group>"; };
/* End PBXFileReference section */

/* Begin PBXFrameworksBuildPhase section */
		4755D2BF2276933900E4D0D8 /* Frameworks */ = {
			isa = PBXFrameworksBuildPhase;
			buildActionMask = 2147483647;
			files = (
			);
			runOnlyForDeploymentPostprocessing = 0;
		};
		4755D2D32276933B00E4D0D8 /* Frameworks */ = {
			isa = PBXFrameworksBuildPhase;
			buildActionMask = 2147483647;
			files = (
			);
			runOnlyForDeploymentPostprocessing = 0;
		};
		4755D2DE2276933B00E4D0D8 /* Frameworks */ = {
			isa = PBXFrameworksBuildPhase;
			buildActionMask = 2147483647;
			files = (
			);
			runOnlyForDeploymentPostprocessing = 0;
		};
/* End PBXFrameworksBuildPhase section */

/* Begin PBXGroup section */
		4755D2B92276933900E4D0D8 = {
			isa = PBXGroup;
			children = (
				4755D2C42276933A00E4D0D8 /* ImageRestoration */,
				4755D2D92276933B00E4D0D8 /* ImageRestorationTests */,
				4755D2E42276933B00E4D0D8 /* ImageRestorationUITests */,
				4755D2C32276933A00E4D0D8 /* Products */,
			);
			sourceTree = "<group>";
		};
		4755D2C32276933A00E4D0D8 /* Products */ = {
			isa = PBXGroup;
			children = (
				4755D2C22276933A00E4D0D8 /* ImageRestoration.app */,
				4755D2D62276933B00E4D0D8 /* ImageRestorationTests.xctest */,
				4755D2E12276933B00E4D0D8 /* ImageRestorationUITests.xctest */,
			);
			name = Products;
			sourceTree = "<group>";
		};
		4755D2C42276933A00E4D0D8 /* ImageRestoration */ = {
			isa = PBXGroup;
			children = (
				4755D2C52276933A00E4D0D8 /* AppDelegate.swift */,
				4755D2C72276933A00E4D0D8 /* ViewController.swift */,
				4755D2C92276933B00E4D0D8 /* Main.storyboard */,
				4755D2CC2276933B00E4D0D8 /* Assets.xcassets */,
				4755D2CE2276933B00E4D0D8 /* LaunchScreen.storyboard */,
				4755D2D12276933B00E4D0D8 /* Info.plist */,
			);
			path = ImageRestoration;
			sourceTree = "<group>";
		};
		4755D2D92276933B00E4D0D8 /* ImageRestorationTests */ = {
			isa = PBXGroup;
			children = (
				4755D2DA2276933B00E4D0D8 /* ImageRestorationTests.swift */,
				4755D2DC2276933B00E4D0D8 /* Info.plist */,
			);
			path = ImageRestorationTests;
			sourceTree = "<group>";
		};
		4755D2E42276933B00E4D0D8 /* ImageRestorationUITests */ = {
			isa = PBXGroup;
			children = (
				4755D2E52276933B00E4D0D8 /* ImageRestorationUITests.swift */,
				4755D2E72276933B00E4D0D8 /* Info.plist */,
			);
			path = ImageRestorationUITests;
			sourceTree = "<group>";
		};
/* End PBXGroup section */

/* Begin PBXNativeTarget section */
		4755D2C12276933900E4D0D8 /* ImageRestoration */ = {
			isa = PBXNativeTarget;
			buildConfigurationList = 4755D2EA2276933B00E4D0D8 /* Build configuration list for PBXNativeTarget "ImageRestoration" */;
			buildPhases = (
				4755D2BE2276933900E4D0D8 /* Sources */,
				4755D2BF2276933900E4D0D8 /* Frameworks */,
				4755D2C02276933900E4D0D8 /* Resources */,
			);
			buildRules = (
			);
			dependencies = (
			);
			name = ImageRestoration;
			productName = ImageRestoration;
			productReference = 4755D2C22276933A00E4D0D8 /* ImageRestoration.app */;
			productType = "com.apple.product-type.application";
		};
		4755D2D52276933B00E4D0D8 /* ImageRestorationTests */ = {
			isa = PBXNativeTarget;
			buildConfigurationList = 4755D2ED2276933B00E4D0D8 /* Build configuration list for PBXNativeTarget "ImageRestorationTests" */;
			buildPhases = (
				4755D2D22276933B00E4D0D8 /* Sources */,
				4755D2D32276933B00E4D0D8 /* Frameworks */,
				4755D2D42276933B00E4D0D8 /* Resources */,
			);
			buildRules = (
			);
			dependencies = (
				4755D2D82276933B00E4D0D8 /* PBXTargetDependency */,
			);
			name = ImageRestorationTests;
			productName = ImageRestorationTests;
			productReference = 4755D2D62276933B00E4D0D8 /* ImageRestorationTests.xctest */;
			productType = "com.apple.product-type.bundle.unit-test";
		};
		4755D2E02276933B00E4D0D8 /* ImageRestorationUITests */ = {
			isa = PBXNativeTarget;
			buildConfigurationList = 4755D2F02276933B00E4D0D8 /* Build configuration list for PBXNativeTarget "ImageRestorationUITests" */;
			buildPhases = (
				4755D2DD2276933B00E4D0D8 /* Sources */,
				4755D2DE2276933B00E4D0D8 /* Frameworks */,
				4755D2DF2276933B00E4D0D8 /* Resources */,
			);
			buildRules = (
			);
			dependencies = (
				4755D2E32276933B00E4D0D8 /* PBXTargetDependency */,
			);
			name = ImageRestorationUITests;
			productName = ImageRestorationUITests;
			productReference = 4755D2E12276933B00E4D0D8 /* ImageRestorationUITests.xctest */;
			productType = "com.apple.product-type.bundle.ui-testing";
		};
/* End PBXNativeTarget section */

/* Begin PBXProject section */
		4755D2BA2276933900E4D0D8 /* Project object */ = {
			isa = PBXProject;
			attributes = {
				LastSwiftUpdateCheck = 0810;
				LastUpgradeCheck = 0810;
				ORGANIZATIONNAME = "Hui Chen";
				TargetAttributes = {
					4755D2C12276933900E4D0D8 = {
						CreatedOnToolsVersion = 8.1;
						DevelopmentTeam = N8PF8NA36X;
						ProvisioningStyle = Automatic;
					};
					4755D2D52276933B00E4D0D8 = {
						CreatedOnToolsVersion = 8.1;
						DevelopmentTeam = N8PF8NA36X;
						ProvisioningStyle = Automatic;
						TestTargetID = 4755D2C12276933900E4D0D8;
					};
					4755D2E02276933B00E4D0D8 = {
						CreatedOnToolsVersion = 8.1;
						DevelopmentTeam = N8PF8NA36X;
						ProvisioningStyle = Automatic;
						TestTargetID = 4755D2C12276933900E4D0D8;
					};
				};
			};
			buildConfigurationList = 4755D2BD2276933900E4D0D8 /* Build configuration list for PBXProject "ImageRestoration" */;
			compatibilityVersion = "Xcode 3.2";
			developmentRegion = English;
			hasScannedForEncodings = 0;
			knownRegions = (
				en,
				Base,
			);
			mainGroup = 4755D2B92276933900E4D0D8;
			productRefGroup = 4755D2C32276933A00E4D0D8 /* Products */;
			projectDirPath = "";
			projectRoot = "";
			targets = (
				4755D2C12276933900E4D0D8 /* ImageRestoration */,
				4755D2D52276933B00E4D0D8 /* ImageRestorationTests */,
				4755D2E02276933B00E4D0D8 /* ImageRestorationUITests */,
			);
		};
/* End PBXProject section */

/* Begin PBXResourcesBuildPhase section */
		4755D2C02276933900E4D0D8 /* Resources */ = {
			isa = PBXResourcesBuildPhase;
			buildActionMask = 2147483647;
			files = (
				4755D2D02276933B00E4D0D8 /* LaunchScreen.storyboard in Resources */,
				4755D2CD2276933B00E4D0D8 /* Assets.xcassets in Resources */,
				4755D2CB2276933B00E4D0D8 /* Main.storyboard in Resources */,
			);
			runOnlyForDeploymentPostprocessing = 0;
		};
		4755D2D42276933B00E4D0D8 /* Resources */ = {
			isa = PBXResourcesBuildPhase;
			buildActionMask = 2147483647;
			files = (
			);
			runOnlyForDeploymentPostprocessing = 0;
		};
		4755D2DF2276933B00E4D0D8 /* Resources */ = {
			isa = PBXResourcesBuildPhase;
			buildActionMask = 2147483647;
			files = (
			);
			runOnlyForDeploymentPostprocessing = 0;
		};
/* End PBXResourcesBuildPhase section */

/* Begin PBXSourcesBuildPhase section */
		4755D2BE2276933900E4D0D8 /* Sources */ = {
			isa = PBXSourcesBuildPhase;
			buildActionMask = 2147483647;
			files = (
				4755D2C82276933A00E4D0D8 /* ViewController.swift in Sources */,
				4755D2C62276933A00E4D0D8 /* AppDelegate.swift in Sources */,
			);
			runOnlyForDeploymentPostprocessing = 0;
		};
		4755D2D22276933B00E4D0D8 /* Sources */ = {
			isa = PBXSourcesBuildPhase;
			buildActionMask = 2147483647;
			files = (
				4755D2DB2276933B00E4D0D8 /* ImageRestorationTests.swift in Sources */,
			);
			runOnlyForDeploymentPostprocessing = 0;
		};
		4755D2DD2276933B00E4D0D8 /* Sources */ = {
			isa = PBXSourcesBuildPhase;
			buildActionMask = 2147483647;
			files = (
				4755D2E62276933B00E4D0D8 /* ImageRestorationUITests.swift in Sources */,
			);
			runOnlyForDeploymentPostprocessing = 0;
		};
/* End PBXSourcesBuildPhase section */

/* Begin PBXTargetDependency section */
		4755D2D82276933B00E4D0D8 /* PBXTargetDependency */ = {
			isa = PBXTargetDependency;
			target = 4755D2C12276933900E4D0D8 /* ImageRestoration */;
			targetProxy = 4755D2D72276933B00E4D0D8 /* PBXContainerItemProxy */;
		};
		4755D2E32276933B00E4D0D8 /* PBXTargetDependency */ = {
			isa = PBXTargetDependency;
			target = 4755D2C12276933900E4D0D8 /* ImageRestoration */;
			targetProxy = 4755D2E22276933B00E4D0D8 /* PBXContainerItemProxy */;
		};
/* End PBXTargetDependency section */

/* Begin PBXVariantGroup section */
		4755D2C92276933B00E4D0D8 /* Main.storyboard */ = {
			isa = PBXVariantGroup;
			children = (
				4755D2CA2276933B00E4D0D8 /* Base */,
			);
			name = Main.storyboard;
			sourceTree = "<group>";
		};
		4755D2CE2276933B00E4D0D8 /* LaunchScreen.storyboard */ = {
			isa = PBXVariantGroup;
			children = (
				4755D2CF2276933B00E4D0D8 /* Base */,
			);
			name = LaunchScreen.storyboard;
			sourceTree = "<group>";
		};
/* End PBXVariantGroup section */

/* Begin XCBuildConfiguration section */
		4755D2E82276933B00E4D0D8 /* Debug */ = {
			isa = XCBuildConfiguration;
			buildSettings = {
				ALWAYS_SEARCH_USER_PATHS = NO;
				CLANG_ANALYZER_NONNULL = YES;
				CLANG_CXX_LANGUAGE_STANDARD = "gnu++0x";
				CLANG_CXX_LIBRARY = "libc++";
				CLANG_ENABLE_MODULES = YES;
				CLANG_ENABLE_OBJC_ARC = YES;
				CLANG_WARN_BOOL_CONVERSION = YES;
				CLANG_WARN_CONSTANT_CONVERSION = YES;
				CLANG_WARN_DIRECT_OBJC_ISA_USAGE = YES_ERROR;
				CLANG_WARN_DOCUMENTATION_COMMENTS = YES;
				CLANG_WARN_EMPTY_BODY = YES;
				CLANG_WARN_ENUM_CONVERSION = YES;
				CLANG_WARN_INFINITE_RECURSION = YES;
				CLANG_WARN_INT_CONVERSION = YES;
				CLANG_WARN_OBJC_ROOT_CLASS = YES_ERROR;
				CLANG_WARN_SUSPICIOUS_MOVES = YES;
				CLANG_WARN_UNREACHABLE_CODE = YES;
				CLANG_WARN__DUPLICATE_METHOD_MATCH = YES;
				"CODE_SIGN_IDENTITY[sdk=iphoneos*]" = "iPhone Developer";
				COPY_PHASE_STRIP = NO;
				DEBUG_INFORMATION_FORMAT = dwarf;
				ENABLE_STRICT_OBJC_MSGSEND = YES;
				ENABLE_TESTABILITY = YES;
				GCC_C_LANGUAGE_STANDARD = gnu99;
				GCC_DYNAMIC_NO_PIC = NO;
				GCC_NO_COMMON_BLOCKS = YES;
				GCC_OPTIMIZATION_LEVEL = 0;
				GCC_PREPROCESSOR_DEFINITIONS = (
					"DEBUG=1",
					"$(inherited)",
				);
				GCC_WARN_64_TO_32_BIT_CONVERSION = YES;
				GCC_WARN_ABOUT_RETURN_TYPE = YES_ERROR;
				GCC_WARN_UNDECLARED_SELECTOR = YES;
				GCC_WARN_UNINITIALIZED_AUTOS = YES_AGGRESSIVE;
				GCC_WARN_UNUSED_FUNCTION = YES;
				GCC_WARN_UNUSED_VARIABLE = YES;
				IPHONEOS_DEPLOYMENT_TARGET = 10.1;
				MTL_ENABLE_DEBUG_INFO = YES;
				ONLY_ACTIVE_ARCH = YES;
				SDKROOT = iphoneos;
				SWIFT_ACTIVE_COMPILATION_CONDITIONS = DEBUG;
				SWIFT_OPTIMIZATION_LEVEL = "-Onone";
				TARGETED_DEVICE_FAMILY = "1,2";
			};
			name = Debug;
		};
		4755D2E92276933B00E4D0D8 /* Release */ = {
			isa = XCBuildConfiguration;
			buildSettings = {
				ALWAYS_SEARCH_USER_PATHS = NO;
				CLANG_ANALYZER_NONNULL = YES;
				CLANG_CXX_LANGUAGE_STANDARD = "gnu++0x";
				CLANG_CXX_LIBRARY = "libc++";
				CLANG_ENABLE_MODULES = YES;
				CLANG_ENABLE_OBJC_ARC = YES;
				CLANG_WARN_BOOL_CONVERSION = YES;
				CLANG_WARN_CONSTANT_CONVERSION = YES;
				CLANG_WARN_DIRECT_OBJC_ISA_USAGE = YES_ERROR;
				CLANG_WARN_DOCUMENTATION_COMMENTS = YES;
				CLANG_WARN_EMPTY_BODY = YES;
				CLANG_WARN_ENUM_CONVERSION = YES;
				CLANG_WARN_INFINITE_RECURSION = YES;
				CLANG_WARN_INT_CONVERSION = YES;
				CLANG_WARN_OBJC_ROOT_CLASS = YES_ERROR;
				CLANG_WARN_SUSPICIOUS_MOVES = YES;
				CLANG_WARN_UNREACHABLE_CODE = YES;
				CLANG_WARN__DUPLICATE_METHOD_MATCH = YES;
				"CODE_SIGN_IDENTITY[sdk=iphoneos*]" = "iPhone Developer";
				COPY_PHASE_STRIP = NO;
				DEBUG_INFORMATION_FORMAT = "dwarf-with-dsym";
				ENABLE_NS_ASSERTIONS = NO;
				ENABLE_STRICT_OBJC_MSGSEND = YES;
				GCC_C_LANGUAGE_STANDARD = gnu99;
				GCC_NO_COMMON_BLOCKS = YES;
				GCC_WARN_64_TO_32_BIT_CONVERSION = YES;
				GCC_WARN_ABOUT_RETURN_TYPE = YES_ERROR;
				GCC_WARN_UNDECLARED_SELECTOR = YES;
				GCC_WARN_UNINITIALIZED_AUTOS = YES_AGGRESSIVE;
				GCC_WARN_UNUSED_FUNCTION = YES;
				GCC_WARN_UNUSED_VARIABLE = YES;
				IPHONEOS_DEPLOYMENT_TARGET = 10.1;
				MTL_ENABLE_DEBUG_INFO = NO;
				SDKROOT = iphoneos;
				SWIFT_OPTIMIZATION_LEVEL = "-Owholemodule";
				TARGETED_DEVICE_FAMILY = "1,2";
				VALIDATE_PRODUCT = YES;
			};
			name = Release;
		};
		4755D2EB2276933B00E4D0D8 /* Debug */ = {
			isa = XCBuildConfiguration;
			buildSettings = {
				ASSETCATALOG_COMPILER_APPICON_NAME = AppIcon;
				DEVELOPMENT_TEAM = N8PF8NA36X;
				INFOPLIST_FILE = ImageRestoration/Info.plist;
				LD_RUNPATH_SEARCH_PATHS = "$(inherited) @executable_path/Frameworks";
				PRODUCT_BUNDLE_IDENTIFIER = hchen47.ImageRestoration;
				PRODUCT_NAME = "$(TARGET_NAME)";
				SWIFT_VERSION = 3.0;
			};
			name = Debug;
		};
		4755D2EC2276933B00E4D0D8 /* Release */ = {
			isa = XCBuildConfiguration;
			buildSettings = {
				ASSETCATALOG_COMPILER_APPICON_NAME = AppIcon;
				DEVELOPMENT_TEAM = N8PF8NA36X;
				INFOPLIST_FILE = ImageRestoration/Info.plist;
				LD_RUNPATH_SEARCH_PATHS = "$(inherited) @executable_path/Frameworks";
				PRODUCT_BUNDLE_IDENTIFIER = hchen47.ImageRestoration;
				PRODUCT_NAME = "$(TARGET_NAME)";
				SWIFT_VERSION = 3.0;
			};
			name = Release;
		};
		4755D2EE2276933B00E4D0D8 /* Debug */ = {
			isa = XCBuildConfiguration;
			buildSettings = {
				ALWAYS_EMBED_SWIFT_STANDARD_LIBRARIES = YES;
				BUNDLE_LOADER = "$(TEST_HOST)";
				DEVELOPMENT_TEAM = N8PF8NA36X;
				INFOPLIST_FILE = ImageRestorationTests/Info.plist;
				LD_RUNPATH_SEARCH_PATHS = "$(inherited) @executable_path/Frameworks @loader_path/Frameworks";
				PRODUCT_BUNDLE_IDENTIFIER = hchen47.ImageRestorationTests;
				PRODUCT_NAME = "$(TARGET_NAME)";
				SWIFT_VERSION = 3.0;
				TEST_HOST = "$(BUILT_PRODUCTS_DIR)/ImageRestoration.app/ImageRestoration";
			};
			name = Debug;
		};
		4755D2EF2276933B00E4D0D8 /* Release */ = {
			isa = XCBuildConfiguration;
			buildSettings = {
				ALWAYS_EMBED_SWIFT_STANDARD_LIBRARIES = YES;
				BUNDLE_LOADER = "$(TEST_HOST)";
				DEVELOPMENT_TEAM = N8PF8NA36X;
				INFOPLIST_FILE = ImageRestorationTests/Info.plist;
				LD_RUNPATH_SEARCH_PATHS = "$(inherited) @executable_path/Frameworks @loader_path/Frameworks";
				PRODUCT_BUNDLE_IDENTIFIER = hchen47.ImageRestorationTests;
				PRODUCT_NAME = "$(TARGET_NAME)";
				SWIFT_VERSION = 3.0;
				TEST_HOST = "$(BUILT_PRODUCTS_DIR)/ImageRestoration.app/ImageRestoration";
			};
			name = Release;
		};
		4755D2F12276933B00E4D0D8 /* Debug */ = {
			isa = XCBuildConfiguration;
			buildSettings = {
				ALWAYS_EMBED_SWIFT_STANDARD_LIBRARIES = YES;
				DEVELOPMENT_TEAM = N8PF8NA36X;
				INFOPLIST_FILE = ImageRestorationUITests/Info.plist;
				LD_RUNPATH_SEARCH_PATHS = "$(inherited) @executable_path/Frameworks @loader_path/Frameworks";
				PRODUCT_BUNDLE_IDENTIFIER = hchen47.ImageRestorationUITests;
				PRODUCT_NAME = "$(TARGET_NAME)";
				SWIFT_VERSION = 3.0;
				TEST_TARGET_NAME = ImageRestoration;
			};
			name = Debug;
		};
		4755D2F22276933B00E4D0D8 /* Release */ = {
			isa = XCBuildConfiguration;
			buildSettings = {
				ALWAYS_EMBED_SWIFT_STANDARD_LIBRARIES = YES;
				DEVELOPMENT_TEAM = N8PF8NA36X;
				INFOPLIST_FILE = ImageRestorationUITests/Info.plist;
				LD_RUNPATH_SEARCH_PATHS = "$(inherited) @executable_path/Frameworks @loader_path/Frameworks";
				PRODUCT_BUNDLE_IDENTIFIER = hchen47.ImageRestorationUITests;
				PRODUCT_NAME = "$(TARGET_NAME)";
				SWIFT_VERSION = 3.0;
				TEST_TARGET_NAME = ImageRestoration;
			};
			name = Release;
		};
/* End XCBuildConfiguration section */

/* Begin XCConfigurationList section */
		4755D2BD2276933900E4D0D8 /* Build configuration list for PBXProject "ImageRestoration" */ = {
			isa = XCConfigurationList;
			buildConfigurations = (
				4755D2E82276933B00E4D0D8 /* Debug */,
				4755D2E92276933B00E4D0D8 /* Release */,
			);
			defaultConfigurationIsVisible = 0;
			defaultConfigurationName = Release;
		};
		4755D2EA2276933B00E4D0D8 /* Build configuration list for PBXNativeTarget "ImageRestoration" */ = {
			isa = XCConfigurationList;
			buildConfigurations = (
				4755D2EB2276933B00E4D0D8 /* Debug */,
				4755D2EC2276933B00E4D0D8 /* Release */,
			);
			defaultConfigurationIsVisible = 0;
		};
		4755D2ED2276933B00E4D0D8 /* Build configuration list for PBXNativeTarget "ImageRestorationTests" */ = {
			isa = XCConfigurationList;
			buildConfigurations = (
				4755D2EE2276933B00E4D0D8 /* Debug */,
				4755D2EF2276933B00E4D0D8 /* Release */,
			);
			defaultConfigurationIsVisible = 0;
		};
		4755D2F02276933B00E4D0D8 /* Build configuration list for PBXNativeTarget "ImageRestorationUITests" */ = {
			isa = XCConfigurationList;
			buildConfigurations = (
				4755D2F12276933B00E4D0D8 /* Debug */,
				4755D2F22276933B00E4D0D8 /* Release */,
			);
			defaultConfigurationIsVisible = 0;
		};
/* End XCConfigurationList section */
	};
	rootObject = 4755D2BA2276933900E4D0D8 /* Project object */;
}
